
Microsoft Visual Studio Solution File, Format Version 12.00
# Visual Studio Version 17
VisualStudioVersion = 17.12.35707.178
MinimumVisualStudioVersion = 10.0.40219.1
Project("{FAE04EC0-301F-11D3-BF4B-00C04F79EFBC}") = "PositionsService", "PositionsService\PositionsService.csproj", "{78008B13-FAA3-43FB-8B97-75CC58A32E0C}"
EndProject
Project("{FAE04EC0-301F-11D3-BF4B-00C04F79EFBC}") = "RatesService", "RatesService\RatesService.csproj", "{3DD7A2EE-8D2D-4317-8286-2419EF7DD0EF}"
EndProject
Project("{FAE04EC0-301F-11D3-BF4B-00C04F79EFBC}") = "Shared", "Shared\Shared.csproj", "{245A66E1-D23E-4903-84EA-2096595913D1}"
EndProject
Project("{FAE04EC0-301F-11D3-BF4B-00C04F79EFBC}") = "TestNewTradingApp", "TestNewTradingApp\TestNewTradingApp.csproj", "{40E32288-2102-4B84-99BA-1650F5811A47}"
EndProject
Global
	GlobalSection(SolutionConfigurationPlatforms) = preSolution
		Debug|Any CPU = Debug|Any CPU
		Release|Any CPU = Release|Any CPU
	EndGlobalSection
	GlobalSection(ProjectConfigurationPlatforms) = postSolution
		{78008B13-FAA3-43FB-8B97-75CC58A32E0C}.Debug|Any CPU.ActiveCfg = Debug|Any CPU
		{78008B13-FAA3-43FB-8B97-75CC58A32E0C}.Debug|Any CPU.Build.0 = Debug|Any CPU
		{78008B13-FAA3-43FB-8B97-75CC58A32E0C}.Release|Any CPU.ActiveCfg = Release|Any CPU
		{78008B13-FAA3-43FB-8B97-75CC58A32E0C}.Release|Any CPU.Build.0 = Release|Any CPU
		{3DD7A2EE-8D2D-4317-8286-2419EF7DD0EF}.Debug|Any CPU.ActiveCfg = Debug|Any CPU
		{3DD7A2EE-8D2D-4317-8286-2419EF7DD0EF}.Debug|Any CPU.Build.0 = Debug|Any CPU
		{3DD7A2EE-8D2D-4317-8286-2419EF7DD0EF}.Release|Any CPU.ActiveCfg = Release|Any CPU
		{3DD7A2EE-8D2D-4317-8286-2419EF7DD0EF}.Release|Any CPU.Build.0 = Release|Any CPU
		{245A66E1-D23E-4903-84EA-2096595913D1}.Debug|Any CPU.ActiveCfg = Debug|Any CPU
		{245A66E1-D23E-4903-84EA-2096595913D1}.Debug|Any CPU.Build.0 = Debug|Any CPU
		{245A66E1-D23E-4903-84EA-2096595913D1}.Release|Any CPU.ActiveCfg = Release|Any CPU
		{245A66E1-D23E-4903-84EA-2096595913D1}.Release|Any CPU.Build.0 = Release|Any CPU
		{40E32288-2102-4B84-99BA-1650F5811A47}.Debug|Any CPU.ActiveCfg = Debug|Any CPU
		{40E32288-2102-4B84-99BA-1650F5811A47}.Debug|Any CPU.Build.0 = Debug|Any CPU
		{40E32288-2102-4B84-99BA-1650F5811A47}.Release|Any CPU.ActiveCfg = Release|Any CPU
		{40E32288-2102-4B84-99BA-1650F5811A47}.Release|Any CPU.Build.0 = Release|Any CPU
	EndGlobalSection
	GlobalSection(SolutionProperties) = preSolution
		HideSolutionNode = FALSE
	EndGlobalSection
EndGlobal
